
Microsoft Visual Studio Solution File, Format Version 12.00
# Visual Studio Version 17
VisualStudioVersion = 17.14.36401.2 d17.14
MinimumVisualStudioVersion = 10.0.40219.1
Project("{FAE04EC0-301F-11D3-BF4B-00C04F79EFBC}") = "ProductCatalogAPI", "ProductCatalogAPI\ProductCatalogAPI.csproj", "{36AC70CE-95E9-4EE6-93D8-E047743B6C0A}"
EndProject
Project("{FAE04EC0-301F-11D3-BF4B-00C04F79EFBC}") = "ProductCatalogAPI.Tests", "ProductCatalogAPI.Tests\ProductCatalogAPI.Tests.csproj", "{CD01F17C-7568-4F20-BA8B-FE78B98A5917}"
EndProject
Project("{FAE04EC0-301F-11D3-BF4B-00C04F79EFBC}") = "ProductCatalogWeb", "ProductCatalogWeb\ProductCatalogWeb.csproj", "{6F1FD5E0-5B24-4340-AB16-AA3249108727}"
EndProject
Global
	GlobalSection(SolutionConfigurationPlatforms) = preSolution
		Debug|Any CPU = Debug|Any CPU
		Release|Any CPU = Release|Any CPU
	EndGlobalSection
	GlobalSection(ProjectConfigurationPlatforms) = postSolution
		{36AC70CE-95E9-4EE6-93D8-E047743B6C0A}.Debug|Any CPU.ActiveCfg = Debug|Any CPU
		{36AC70CE-95E9-4EE6-93D8-E047743B6C0A}.Debug|Any CPU.Build.0 = Debug|Any CPU
		{36AC70CE-95E9-4EE6-93D8-E047743B6C0A}.Release|Any CPU.ActiveCfg = Release|Any CPU
		{36AC70CE-95E9-4EE6-93D8-E047743B6C0A}.Release|Any CPU.Build.0 = Release|Any CPU
		{CD01F17C-7568-4F20-BA8B-FE78B98A5917}.Debug|Any CPU.ActiveCfg = Debug|Any CPU
		{CD01F17C-7568-4F20-BA8B-FE78B98A5917}.Debug|Any CPU.Build.0 = Debug|Any CPU
		{CD01F17C-7568-4F20-BA8B-FE78B98A5917}.Release|Any CPU.ActiveCfg = Release|Any CPU
		{CD01F17C-7568-4F20-BA8B-FE78B98A5917}.Release|Any CPU.Build.0 = Release|Any CPU
		{6F1FD5E0-5B24-4340-AB16-AA3249108727}.Debug|Any CPU.ActiveCfg = Debug|Any CPU
		{6F1FD5E0-5B24-4340-AB16-AA3249108727}.Debug|Any CPU.Build.0 = Debug|Any CPU
		{6F1FD5E0-5B24-4340-AB16-AA3249108727}.Release|Any CPU.ActiveCfg = Release|Any CPU
		{6F1FD5E0-5B24-4340-AB16-AA3249108727}.Release|Any CPU.Build.0 = Release|Any CPU
	EndGlobalSection
	GlobalSection(SolutionProperties) = preSolution
		HideSolutionNode = FALSE
	EndGlobalSection
	GlobalSection(ExtensibilityGlobals) = postSolution
		SolutionGuid = {F4398D86-43B7-40F1-AFA1-D027CAC1FD50}
	EndGlobalSection
EndGlobal
